{
  "lockfileVersion": 3,
  "name": "mcp",
  "packages": {
    "": {
      "dependencies": {
        "tailwindcss": "^4.1.10"
      }
    },
    "node_modules/tailwindcss": {
      "integrity": "sha512-P3nr6WkvKV/ONsTzj6Gb57sWPMX29EPNPopo7+FcpkQaNsrNpZ1pv8QmrYI2RqEKD7mlGqLnGovlcYnBK0IqUA==",
      "license": "MIT",
      "resolved": "https://registry.npmjs.org/tailwindcss/-/tailwindcss-4.1.10.tgz",
      "version": "4.1.10"
    }
  },
  "requires": true
}
